
Microsoft Visual Studio Solution File, Format Version 12.00
# Visual Studio Version 17
VisualStudioVersion = 17.0.31903.59
MinimumVisualStudioVersion = 10.0.40219.1
Project("{FAE04EC0-301F-11D3-BF4B-00C04F79EFBC}") = "HookHubNet.Common", "HookHubNet.Common\HookHubNet.Common.csproj", "{C225B972-A1A6-44FD-B776-90C96FCB79C8}"
EndProject
Project("{FAE04EC0-301F-11D3-BF4B-00C04F79EFBC}") = "HookHubNet.Hub", "HookHubNet.Hub\HookHubNet.Hub.csproj", "{F7628BAE-5EAC-467C-BB14-A04B0CDDE8AD}"
EndProject
Project("{FAE04EC0-301F-11D3-BF4B-00C04F79EFBC}") = "HookHubNet.Hook", "HookHubNet.Hook\HookHubNet.Hook.csproj", "{34A03BE4-4E90-4C57-B50A-97970CC36B24}"
EndProject
Project("{FAE04EC0-301F-11D3-BF4B-00C04F79EFBC}") = "HookHubNet.Proxy", "HookHubNet.Proxy\HookHubNet.Proxy.csproj", "{CAA9EF37-D53F-4BE7-861A-1521CAC77D4D}"
EndProject
Global
	GlobalSection(SolutionConfigurationPlatforms) = preSolution
		Debug|Any CPU = Debug|Any CPU
		Debug|x64 = Debug|x64
		Debug|x86 = Debug|x86
		Release|Any CPU = Release|Any CPU
		Release|x64 = Release|x64
		Release|x86 = Release|x86
	EndGlobalSection
	GlobalSection(ProjectConfigurationPlatforms) = postSolution
		{C225B972-A1A6-44FD-B776-90C96FCB79C8}.Debug|Any CPU.ActiveCfg = Debug|Any CPU
		{C225B972-A1A6-44FD-B776-90C96FCB79C8}.Debug|Any CPU.Build.0 = Debug|Any CPU
		{C225B972-A1A6-44FD-B776-90C96FCB79C8}.Debug|x64.ActiveCfg = Debug|Any CPU
		{C225B972-A1A6-44FD-B776-90C96FCB79C8}.Debug|x64.Build.0 = Debug|Any CPU
		{C225B972-A1A6-44FD-B776-90C96FCB79C8}.Debug|x86.ActiveCfg = Debug|Any CPU
		{C225B972-A1A6-44FD-B776-90C96FCB79C8}.Debug|x86.Build.0 = Debug|Any CPU
		{C225B972-A1A6-44FD-B776-90C96FCB79C8}.Release|Any CPU.ActiveCfg = Release|Any CPU
		{C225B972-A1A6-44FD-B776-90C96FCB79C8}.Release|Any CPU.Build.0 = Release|Any CPU
		{C225B972-A1A6-44FD-B776-90C96FCB79C8}.Release|x64.ActiveCfg = Release|Any CPU
		{C225B972-A1A6-44FD-B776-90C96FCB79C8}.Release|x64.Build.0 = Release|Any CPU
		{C225B972-A1A6-44FD-B776-90C96FCB79C8}.Release|x86.ActiveCfg = Release|Any CPU
		{C225B972-A1A6-44FD-B776-90C96FCB79C8}.Release|x86.Build.0 = Release|Any CPU
		{F7628BAE-5EAC-467C-BB14-A04B0CDDE8AD}.Debug|Any CPU.ActiveCfg = Debug|Any CPU
		{F7628BAE-5EAC-467C-BB14-A04B0CDDE8AD}.Debug|Any CPU.Build.0 = Debug|Any CPU
		{F7628BAE-5EAC-467C-BB14-A04B0CDDE8AD}.Debug|x64.ActiveCfg = Debug|Any CPU
		{F7628BAE-5EAC-467C-BB14-A04B0CDDE8AD}.Debug|x64.Build.0 = Debug|Any CPU
		{F7628BAE-5EAC-467C-BB14-A04B0CDDE8AD}.Debug|x86.ActiveCfg = Debug|Any CPU
		{F7628BAE-5EAC-467C-BB14-A04B0CDDE8AD}.Debug|x86.Build.0 = Debug|Any CPU
		{F7628BAE-5EAC-467C-BB14-A04B0CDDE8AD}.Release|Any CPU.ActiveCfg = Release|Any CPU
		{F7628BAE-5EAC-467C-BB14-A04B0CDDE8AD}.Release|Any CPU.Build.0 = Release|Any CPU
		{F7628BAE-5EAC-467C-BB14-A04B0CDDE8AD}.Release|x64.ActiveCfg = Release|Any CPU
		{F7628BAE-5EAC-467C-BB14-A04B0CDDE8AD}.Release|x64.Build.0 = Release|Any CPU
		{F7628BAE-5EAC-467C-BB14-A04B0CDDE8AD}.Release|x86.ActiveCfg = Release|Any CPU
		{F7628BAE-5EAC-467C-BB14-A04B0CDDE8AD}.Release|x86.Build.0 = Release|Any CPU
		{34A03BE4-4E90-4C57-B50A-97970CC36B24}.Debug|Any CPU.ActiveCfg = Debug|Any CPU
		{34A03BE4-4E90-4C57-B50A-97970CC36B24}.Debug|Any CPU.Build.0 = Debug|Any CPU
		{34A03BE4-4E90-4C57-B50A-97970CC36B24}.Debug|x64.ActiveCfg = Debug|Any CPU
		{34A03BE4-4E90-4C57-B50A-97970CC36B24}.Debug|x64.Build.0 = Debug|Any CPU
		{34A03BE4-4E90-4C57-B50A-97970CC36B24}.Debug|x86.ActiveCfg = Debug|Any CPU
		{34A03BE4-4E90-4C57-B50A-97970CC36B24}.Debug|x86.Build.0 = Debug|Any CPU
		{34A03BE4-4E90-4C57-B50A-97970CC36B24}.Release|Any CPU.ActiveCfg = Release|Any CPU
		{34A03BE4-4E90-4C57-B50A-97970CC36B24}.Release|Any CPU.Build.0 = Release|Any CPU
		{34A03BE4-4E90-4C57-B50A-97970CC36B24}.Release|x64.ActiveCfg = Release|Any CPU
		{34A03BE4-4E90-4C57-B50A-97970CC36B24}.Release|x64.Build.0 = Release|Any CPU
		{34A03BE4-4E90-4C57-B50A-97970CC36B24}.Release|x86.ActiveCfg = Release|Any CPU
		{34A03BE4-4E90-4C57-B50A-97970CC36B24}.Release|x86.Build.0 = Release|Any CPU
		{CAA9EF37-D53F-4BE7-861A-1521CAC77D4D}.Debug|Any CPU.ActiveCfg = Debug|Any CPU
		{CAA9EF37-D53F-4BE7-861A-1521CAC77D4D}.Debug|Any CPU.Build.0 = Debug|Any CPU
		{CAA9EF37-D53F-4BE7-861A-1521CAC77D4D}.Debug|x64.ActiveCfg = Debug|Any CPU
		{CAA9EF37-D53F-4BE7-861A-1521CAC77D4D}.Debug|x64.Build.0 = Debug|Any CPU
		{CAA9EF37-D53F-4BE7-861A-1521CAC77D4D}.Debug|x86.ActiveCfg = Debug|Any CPU
		{CAA9EF37-D53F-4BE7-861A-1521CAC77D4D}.Debug|x86.Build.0 = Debug|Any CPU
		{CAA9EF37-D53F-4BE7-861A-1521CAC77D4D}.Release|Any CPU.ActiveCfg = Release|Any CPU
		{CAA9EF37-D53F-4BE7-861A-1521CAC77D4D}.Release|Any CPU.Build.0 = Release|Any CPU
		{CAA9EF37-D53F-4BE7-861A-1521CAC77D4D}.Release|x64.ActiveCfg = Release|Any CPU
		{CAA9EF37-D53F-4BE7-861A-1521CAC77D4D}.Release|x64.Build.0 = Release|Any CPU
		{CAA9EF37-D53F-4BE7-861A-1521CAC77D4D}.Release|x86.ActiveCfg = Release|Any CPU
		{CAA9EF37-D53F-4BE7-861A-1521CAC77D4D}.Release|x86.Build.0 = Release|Any CPU
	EndGlobalSection
	GlobalSection(SolutionProperties) = preSolution
		HideSolutionNode = FALSE
	EndGlobalSection
EndGlobal
